<?xml version="1.0" encoding="utf-8"?>
<Project ToolsVersion="4.0" xmlns="http://schemas.microsoft.com/developer/msbuild/2003">
  <ItemGroup>
    <ClCompile Include="App.cpp" />
    <ClCompile Include="Main.cpp" />
    <ClCompile Include="StreamCallback.cpp" />
    <ClCompile Include="WindowCallback.cpp" />
  </ItemGroup>
  <ItemGroup>
    <ClInclude Include="App.h" />
    <ClInclude Include="StreamCallback.h" />
    <ClInclude Include="WindowCallback.h" />
  </ItemGroup>
  <ItemGroup>
    <FxCompile Include="AllShader.hlsl">
      <Filter>Shaders</Filter>
    </FxCompile>
    <FxCompile Include="FullscreenTriangle.hlsl">
      <Filter>Shaders</Filter>
    </FxCompile>
    <FxCompile Include="LeftRightShader.hlsl">
      <Filter>Shaders</Filter>
    </FxCompile>
    <FxCompile Include="Maxima.hlsl">
      <Filter>Shaders</Filter>
    </FxCompile>
  </ItemGroup>
  <ItemGroup>
    <Filter Include="Shaders">
      <UniqueIdentifier>{d5bc8f97-1ac4-44e2-867d-b9495bbc09ef}</UniqueIdentifier>
    </Filter>
  </ItemGroup>
</Project>