<?xml version="1.0" encoding="utf-8"?>
<Project ToolsVersion="4.0" xmlns="http://schemas.microsoft.com/developer/msbuild/2003">
  <ItemGroup>
    <ClCompile Include="CStereoFFT.cpp" />
    <ClCompile Include="StereoFFT.cpp" />
    <ClCompile Include="WindowFunction.cpp" />
  </ItemGroup>
  <ItemGroup>
    <ClInclude Include="CStereoFFT.h" />
    <ClInclude Include="StereoFFT.h" />
    <ClInclude Include="WindowFunction.h" />
  </ItemGroup>
</Project>